
Microsoft Visual Studio Solution File, Format Version 12.00
# Visual Studio Version 17
VisualStudioVersion = 17.2.32602.215
MinimumVisualStudioVersion = 10.0.40219.1
Project("{FAE04EC0-301F-11D3-BF4B-00C04F79EFBC}") = "BlockchainAPI", "BlockchainAPI\BlockchainAPI.csproj", "{394265BE-F8B2-4C59-921D-1DDF9ECC5C41}"
EndProject
Project("{FAE04EC0-301F-11D3-BF4B-00C04F79EFBC}") = "BlockchainEngine", "BlockchainEngine\BlockchainEngine.csproj", "{7045F7B4-BC92-43A3-9C8C-CB5E62FBF12B}"
EndProject
Global
	GlobalSection(SolutionConfigurationPlatforms) = preSolution
		Debug|Any CPU = Debug|Any CPU
		Release|Any CPU = Release|Any CPU
	EndGlobalSection
	GlobalSection(ProjectConfigurationPlatforms) = postSolution
		{394265BE-F8B2-4C59-921D-1DDF9ECC5C41}.Debug|Any CPU.ActiveCfg = Debug|Any CPU
		{394265BE-F8B2-4C59-921D-1DDF9ECC5C41}.Debug|Any CPU.Build.0 = Debug|Any CPU
		{394265BE-F8B2-4C59-921D-1DDF9ECC5C41}.Release|Any CPU.ActiveCfg = Release|Any CPU
		{394265BE-F8B2-4C59-921D-1DDF9ECC5C41}.Release|Any CPU.Build.0 = Release|Any CPU
		{7045F7B4-BC92-43A3-9C8C-CB5E62FBF12B}.Debug|Any CPU.ActiveCfg = Debug|Any CPU
		{7045F7B4-BC92-43A3-9C8C-CB5E62FBF12B}.Debug|Any CPU.Build.0 = Debug|Any CPU
		{7045F7B4-BC92-43A3-9C8C-CB5E62FBF12B}.Release|Any CPU.ActiveCfg = Release|Any CPU
		{7045F7B4-BC92-43A3-9C8C-CB5E62FBF12B}.Release|Any CPU.Build.0 = Release|Any CPU
	EndGlobalSection
	GlobalSection(SolutionProperties) = preSolution
		HideSolutionNode = FALSE
	EndGlobalSection
	GlobalSection(ExtensibilityGlobals) = postSolution
		SolutionGuid = {110F6319-870F-416E-97C4-77EB32E6034B}
	EndGlobalSection
EndGlobal
